
Microsoft Visual Studio Solution File, Format Version 12.00
# Visual Studio Version 16
Project("{8BC9CEB8-8B4A-11D0-8D11-00A0C91BC942}") = "ALL_BUILD", "ALL_BUILD.vcxproj", "{4E104DEB-AA5F-34EC-B6F6-6F71B9CA2626}"
	ProjectSection(ProjectDependencies) = postProject
		{51E5068F-9143-3BDB-BBBD-408B0A7854D9} = {51E5068F-9143-3BDB-BBBD-408B0A7854D9}
		{23494BE8-4AAD-3CE6-97BB-7C5D75425053} = {23494BE8-4AAD-3CE6-97BB-7C5D75425053}
		{100011A4-C896-398F-A160-C89116D4AABC} = {100011A4-C896-398F-A160-C89116D4AABC}
		{F58AE94A-8478-3333-B259-CE9F9770294E} = {F58AE94A-8478-3333-B259-CE9F9770294E}
		{FAD1A281-9DCF-380C-B3A9-35FB8CEFF3E5} = {FAD1A281-9DCF-380C-B3A9-35FB8CEFF3E5}
		{0CDB1C09-BCCB-3F32-BFF2-11AAA7A56F6A} = {0CDB1C09-BCCB-3F32-BFF2-11AAA7A56F6A}
		{310E52E9-2ACC-3353-B33A-46DA04040419} = {310E52E9-2ACC-3353-B33A-46DA04040419}
		{2148C4E1-24F8-33E5-AD10-0CAEBAAFF113} = {2148C4E1-24F8-33E5-AD10-0CAEBAAFF113}
		{1B5657D2-3772-3415-B5AA-19EC86D93C1E} = {1B5657D2-3772-3415-B5AA-19EC86D93C1E}
		{E3B4B2F2-91C3-3A2A-817F-BE14BE9670C6} = {E3B4B2F2-91C3-3A2A-817F-BE14BE9670C6}
		{91872ADD-AF08-38FD-BB7B-4B9FBC831C95} = {91872ADD-AF08-38FD-BB7B-4B9FBC831C95}
		{5832B828-6110-3F3A-865C-06D0AFD9D85F} = {5832B828-6110-3F3A-865C-06D0AFD9D85F}
		{DB5BDF24-132B-3012-9E0B-F3698019ECBC} = {DB5BDF24-132B-3012-9E0B-F3698019ECBC}
		{A904C68A-AD40-38B6-9B55-B945152928B8} = {A904C68A-AD40-38B6-9B55-B945152928B8}
		{49E9D258-3FC8-3DCB-B39D-A83796E49942} = {49E9D258-3FC8-3DCB-B39D-A83796E49942}
	EndProjectSection
EndProject
Project("{8BC9CEB8-8B4A-11D0-8D11-00A0C91BC942}") = "INSTALL", "INSTALL.vcxproj", "{2037C502-B247-3F29-9E7D-918568D7C3F7}"
	ProjectSection(ProjectDependencies) = postProject
		{4E104DEB-AA5F-34EC-B6F6-6F71B9CA2626} = {4E104DEB-AA5F-34EC-B6F6-6F71B9CA2626}
		{51E5068F-9143-3BDB-BBBD-408B0A7854D9} = {51E5068F-9143-3BDB-BBBD-408B0A7854D9}
	EndProjectSection
EndProject
Project("{8BC9CEB8-8B4A-11D0-8D11-00A0C91BC942}") = "ZERO_CHECK", "ZERO_CHECK.vcxproj", "{51E5068F-9143-3BDB-BBBD-408B0A7854D9}"
	ProjectSection(ProjectDependencies) = postProject
	EndProjectSection
EndProject
Project("{8BC9CEB8-8B4A-11D0-8D11-00A0C91BC942}") = "board", "engine\board.vcxproj", "{23494BE8-4AAD-3CE6-97BB-7C5D75425053}"
	ProjectSection(ProjectDependencies) = postProject
		{51E5068F-9143-3BDB-BBBD-408B0A7854D9} = {51E5068F-9143-3BDB-BBBD-408B0A7854D9}
	EndProjectSection
EndProject
Project("{8BC9CEB8-8B4A-11D0-8D11-00A0C91BC942}") = "compress_fuseki", "patterns\compress_fuseki.vcxproj", "{100011A4-C896-398F-A160-C89116D4AABC}"
	ProjectSection(ProjectDependencies) = postProject
		{51E5068F-9143-3BDB-BBBD-408B0A7854D9} = {51E5068F-9143-3BDB-BBBD-408B0A7854D9}
	EndProjectSection
EndProject
Project("{8BC9CEB8-8B4A-11D0-8D11-00A0C91BC942}") = "engine", "engine\engine.vcxproj", "{F58AE94A-8478-3333-B259-CE9F9770294E}"
	ProjectSection(ProjectDependencies) = postProject
		{51E5068F-9143-3BDB-BBBD-408B0A7854D9} = {51E5068F-9143-3BDB-BBBD-408B0A7854D9}
	EndProjectSection
EndProject
Project("{8BC9CEB8-8B4A-11D0-8D11-00A0C91BC942}") = "extract_fuseki", "patterns\extract_fuseki.vcxproj", "{FAD1A281-9DCF-380C-B3A9-35FB8CEFF3E5}"
	ProjectSection(ProjectDependencies) = postProject
		{51E5068F-9143-3BDB-BBBD-408B0A7854D9} = {51E5068F-9143-3BDB-BBBD-408B0A7854D9}
		{F58AE94A-8478-3333-B259-CE9F9770294E} = {F58AE94A-8478-3333-B259-CE9F9770294E}
		{91872ADD-AF08-38FD-BB7B-4B9FBC831C95} = {91872ADD-AF08-38FD-BB7B-4B9FBC831C95}
		{5832B828-6110-3F3A-865C-06D0AFD9D85F} = {5832B828-6110-3F3A-865C-06D0AFD9D85F}
		{49E9D258-3FC8-3DCB-B39D-A83796E49942} = {49E9D258-3FC8-3DCB-B39D-A83796E49942}
	EndProjectSection
EndProject
Project("{8BC9CEB8-8B4A-11D0-8D11-00A0C91BC942}") = "gnugo", "interface\gnugo.vcxproj", "{0CDB1C09-BCCB-3F32-BFF2-11AAA7A56F6A}"
	ProjectSection(ProjectDependencies) = postProject
		{51E5068F-9143-3BDB-BBBD-408B0A7854D9} = {51E5068F-9143-3BDB-BBBD-408B0A7854D9}
		{F58AE94A-8478-3333-B259-CE9F9770294E} = {F58AE94A-8478-3333-B259-CE9F9770294E}
		{91872ADD-AF08-38FD-BB7B-4B9FBC831C95} = {91872ADD-AF08-38FD-BB7B-4B9FBC831C95}
		{5832B828-6110-3F3A-865C-06D0AFD9D85F} = {5832B828-6110-3F3A-865C-06D0AFD9D85F}
		{49E9D258-3FC8-3DCB-B39D-A83796E49942} = {49E9D258-3FC8-3DCB-B39D-A83796E49942}
	EndProjectSection
EndProject
Project("{8BC9CEB8-8B4A-11D0-8D11-00A0C91BC942}") = "joseki", "patterns\joseki.vcxproj", "{310E52E9-2ACC-3353-B33A-46DA04040419}"
	ProjectSection(ProjectDependencies) = postProject
		{51E5068F-9143-3BDB-BBBD-408B0A7854D9} = {51E5068F-9143-3BDB-BBBD-408B0A7854D9}
		{23494BE8-4AAD-3CE6-97BB-7C5D75425053} = {23494BE8-4AAD-3CE6-97BB-7C5D75425053}
		{5832B828-6110-3F3A-865C-06D0AFD9D85F} = {5832B828-6110-3F3A-865C-06D0AFD9D85F}
		{49E9D258-3FC8-3DCB-B39D-A83796E49942} = {49E9D258-3FC8-3DCB-B39D-A83796E49942}
	EndProjectSection
EndProject
Project("{8BC9CEB8-8B4A-11D0-8D11-00A0C91BC942}") = "mkeyes", "patterns\mkeyes.vcxproj", "{2148C4E1-24F8-33E5-AD10-0CAEBAAFF113}"
	ProjectSection(ProjectDependencies) = postProject
		{51E5068F-9143-3BDB-BBBD-408B0A7854D9} = {51E5068F-9143-3BDB-BBBD-408B0A7854D9}
		{49E9D258-3FC8-3DCB-B39D-A83796E49942} = {49E9D258-3FC8-3DCB-B39D-A83796E49942}
	EndProjectSection
EndProject
Project("{8BC9CEB8-8B4A-11D0-8D11-00A0C91BC942}") = "mkmcpat", "patterns\mkmcpat.vcxproj", "{1B5657D2-3772-3415-B5AA-19EC86D93C1E}"
	ProjectSection(ProjectDependencies) = postProject
		{51E5068F-9143-3BDB-BBBD-408B0A7854D9} = {51E5068F-9143-3BDB-BBBD-408B0A7854D9}
		{F58AE94A-8478-3333-B259-CE9F9770294E} = {F58AE94A-8478-3333-B259-CE9F9770294E}
		{5832B828-6110-3F3A-865C-06D0AFD9D85F} = {5832B828-6110-3F3A-865C-06D0AFD9D85F}
		{49E9D258-3FC8-3DCB-B39D-A83796E49942} = {49E9D258-3FC8-3DCB-B39D-A83796E49942}
	EndProjectSection
EndProject
Project("{8BC9CEB8-8B4A-11D0-8D11-00A0C91BC942}") = "mkpat", "patterns\mkpat.vcxproj", "{E3B4B2F2-91C3-3A2A-817F-BE14BE9670C6}"
	ProjectSection(ProjectDependencies) = postProject
		{51E5068F-9143-3BDB-BBBD-408B0A7854D9} = {51E5068F-9143-3BDB-BBBD-408B0A7854D9}
		{49E9D258-3FC8-3DCB-B39D-A83796E49942} = {49E9D258-3FC8-3DCB-B39D-A83796E49942}
	EndProjectSection
EndProject
Project("{8BC9CEB8-8B4A-11D0-8D11-00A0C91BC942}") = "patterns", "patterns\patterns.vcxproj", "{91872ADD-AF08-38FD-BB7B-4B9FBC831C95}"
	ProjectSection(ProjectDependencies) = postProject
		{51E5068F-9143-3BDB-BBBD-408B0A7854D9} = {51E5068F-9143-3BDB-BBBD-408B0A7854D9}
		{310E52E9-2ACC-3353-B33A-46DA04040419} = {310E52E9-2ACC-3353-B33A-46DA04040419}
		{2148C4E1-24F8-33E5-AD10-0CAEBAAFF113} = {2148C4E1-24F8-33E5-AD10-0CAEBAAFF113}
		{1B5657D2-3772-3415-B5AA-19EC86D93C1E} = {1B5657D2-3772-3415-B5AA-19EC86D93C1E}
		{E3B4B2F2-91C3-3A2A-817F-BE14BE9670C6} = {E3B4B2F2-91C3-3A2A-817F-BE14BE9670C6}
		{A904C68A-AD40-38B6-9B55-B945152928B8} = {A904C68A-AD40-38B6-9B55-B945152928B8}
	EndProjectSection
EndProject
Project("{8BC9CEB8-8B4A-11D0-8D11-00A0C91BC942}") = "sgf", "sgf\sgf.vcxproj", "{5832B828-6110-3F3A-865C-06D0AFD9D85F}"
	ProjectSection(ProjectDependencies) = postProject
		{51E5068F-9143-3BDB-BBBD-408B0A7854D9} = {51E5068F-9143-3BDB-BBBD-408B0A7854D9}
	EndProjectSection
EndProject
Project("{8BC9CEB8-8B4A-11D0-8D11-00A0C91BC942}") = "sgfgen", "sgf\sgfgen.vcxproj", "{DB5BDF24-132B-3012-9E0B-F3698019ECBC}"
	ProjectSection(ProjectDependencies) = postProject
		{51E5068F-9143-3BDB-BBBD-408B0A7854D9} = {51E5068F-9143-3BDB-BBBD-408B0A7854D9}
	EndProjectSection
EndProject
Project("{8BC9CEB8-8B4A-11D0-8D11-00A0C91BC942}") = "uncompress_fuseki", "patterns\uncompress_fuseki.vcxproj", "{A904C68A-AD40-38B6-9B55-B945152928B8}"
	ProjectSection(ProjectDependencies) = postProject
		{51E5068F-9143-3BDB-BBBD-408B0A7854D9} = {51E5068F-9143-3BDB-BBBD-408B0A7854D9}
		{23494BE8-4AAD-3CE6-97BB-7C5D75425053} = {23494BE8-4AAD-3CE6-97BB-7C5D75425053}
		{5832B828-6110-3F3A-865C-06D0AFD9D85F} = {5832B828-6110-3F3A-865C-06D0AFD9D85F}
		{49E9D258-3FC8-3DCB-B39D-A83796E49942} = {49E9D258-3FC8-3DCB-B39D-A83796E49942}
	EndProjectSection
EndProject
Project("{8BC9CEB8-8B4A-11D0-8D11-00A0C91BC942}") = "utils", "utils\utils.vcxproj", "{49E9D258-3FC8-3DCB-B39D-A83796E49942}"
	ProjectSection(ProjectDependencies) = postProject
		{51E5068F-9143-3BDB-BBBD-408B0A7854D9} = {51E5068F-9143-3BDB-BBBD-408B0A7854D9}
	EndProjectSection
EndProject
Global
	GlobalSection(SolutionConfigurationPlatforms) = preSolution
		Debug|x64 = Debug|x64
		Release|x64 = Release|x64
		MinSizeRel|x64 = MinSizeRel|x64
		RelWithDebInfo|x64 = RelWithDebInfo|x64
	EndGlobalSection
	GlobalSection(ProjectConfigurationPlatforms) = postSolution
		{4E104DEB-AA5F-34EC-B6F6-6F71B9CA2626}.Debug|x64.ActiveCfg = Debug|x64
		{4E104DEB-AA5F-34EC-B6F6-6F71B9CA2626}.Debug|x64.Build.0 = Debug|x64
		{4E104DEB-AA5F-34EC-B6F6-6F71B9CA2626}.Release|x64.ActiveCfg = Release|x64
		{4E104DEB-AA5F-34EC-B6F6-6F71B9CA2626}.Release|x64.Build.0 = Release|x64
		{4E104DEB-AA5F-34EC-B6F6-6F71B9CA2626}.MinSizeRel|x64.ActiveCfg = MinSizeRel|x64
		{4E104DEB-AA5F-34EC-B6F6-6F71B9CA2626}.MinSizeRel|x64.Build.0 = MinSizeRel|x64
		{4E104DEB-AA5F-34EC-B6F6-6F71B9CA2626}.RelWithDebInfo|x64.ActiveCfg = RelWithDebInfo|x64
		{4E104DEB-AA5F-34EC-B6F6-6F71B9CA2626}.RelWithDebInfo|x64.Build.0 = RelWithDebInfo|x64
		{2037C502-B247-3F29-9E7D-918568D7C3F7}.Debug|x64.ActiveCfg = Debug|x64
		{2037C502-B247-3F29-9E7D-918568D7C3F7}.Release|x64.ActiveCfg = Release|x64
		{2037C502-B247-3F29-9E7D-918568D7C3F7}.MinSizeRel|x64.ActiveCfg = MinSizeRel|x64
		{2037C502-B247-3F29-9E7D-918568D7C3F7}.RelWithDebInfo|x64.ActiveCfg = RelWithDebInfo|x64
		{51E5068F-9143-3BDB-BBBD-408B0A7854D9}.Debug|x64.ActiveCfg = Debug|x64
		{51E5068F-9143-3BDB-BBBD-408B0A7854D9}.Debug|x64.Build.0 = Debug|x64
		{51E5068F-9143-3BDB-BBBD-408B0A7854D9}.Release|x64.ActiveCfg = Release|x64
		{51E5068F-9143-3BDB-BBBD-408B0A7854D9}.Release|x64.Build.0 = Release|x64
		{51E5068F-9143-3BDB-BBBD-408B0A7854D9}.MinSizeRel|x64.ActiveCfg = MinSizeRel|x64
		{51E5068F-9143-3BDB-BBBD-408B0A7854D9}.MinSizeRel|x64.Build.0 = MinSizeRel|x64
		{51E5068F-9143-3BDB-BBBD-408B0A7854D9}.RelWithDebInfo|x64.ActiveCfg = RelWithDebInfo|x64
		{51E5068F-9143-3BDB-BBBD-408B0A7854D9}.RelWithDebInfo|x64.Build.0 = RelWithDebInfo|x64
		{23494BE8-4AAD-3CE6-97BB-7C5D75425053}.Debug|x64.ActiveCfg = Debug|x64
		{23494BE8-4AAD-3CE6-97BB-7C5D75425053}.Debug|x64.Build.0 = Debug|x64
		{23494BE8-4AAD-3CE6-97BB-7C5D75425053}.Release|x64.ActiveCfg = Release|x64
		{23494BE8-4AAD-3CE6-97BB-7C5D75425053}.Release|x64.Build.0 = Release|x64
		{23494BE8-4AAD-3CE6-97BB-7C5D75425053}.MinSizeRel|x64.ActiveCfg = MinSizeRel|x64
		{23494BE8-4AAD-3CE6-97BB-7C5D75425053}.MinSizeRel|x64.Build.0 = MinSizeRel|x64
		{23494BE8-4AAD-3CE6-97BB-7C5D75425053}.RelWithDebInfo|x64.ActiveCfg = RelWithDebInfo|x64
		{23494BE8-4AAD-3CE6-97BB-7C5D75425053}.RelWithDebInfo|x64.Build.0 = RelWithDebInfo|x64
		{100011A4-C896-398F-A160-C89116D4AABC}.Debug|x64.ActiveCfg = Debug|x64
		{100011A4-C896-398F-A160-C89116D4AABC}.Debug|x64.Build.0 = Debug|x64
		{100011A4-C896-398F-A160-C89116D4AABC}.Release|x64.ActiveCfg = Release|x64
		{100011A4-C896-398F-A160-C89116D4AABC}.Release|x64.Build.0 = Release|x64
		{100011A4-C896-398F-A160-C89116D4AABC}.MinSizeRel|x64.ActiveCfg = MinSizeRel|x64
		{100011A4-C896-398F-A160-C89116D4AABC}.MinSizeRel|x64.Build.0 = MinSizeRel|x64
		{100011A4-C896-398F-A160-C89116D4AABC}.RelWithDebInfo|x64.ActiveCfg = RelWithDebInfo|x64
		{100011A4-C896-398F-A160-C89116D4AABC}.RelWithDebInfo|x64.Build.0 = RelWithDebInfo|x64
		{F58AE94A-8478-3333-B259-CE9F9770294E}.Debug|x64.ActiveCfg = Debug|x64
		{F58AE94A-8478-3333-B259-CE9F9770294E}.Debug|x64.Build.0 = Debug|x64
		{F58AE94A-8478-3333-B259-CE9F9770294E}.Release|x64.ActiveCfg = Release|x64
		{F58AE94A-8478-3333-B259-CE9F9770294E}.Release|x64.Build.0 = Release|x64
		{F58AE94A-8478-3333-B259-CE9F9770294E}.MinSizeRel|x64.ActiveCfg = MinSizeRel|x64
		{F58AE94A-8478-3333-B259-CE9F9770294E}.MinSizeRel|x64.Build.0 = MinSizeRel|x64
		{F58AE94A-8478-3333-B259-CE9F9770294E}.RelWithDebInfo|x64.ActiveCfg = RelWithDebInfo|x64
		{F58AE94A-8478-3333-B259-CE9F9770294E}.RelWithDebInfo|x64.Build.0 = RelWithDebInfo|x64
		{FAD1A281-9DCF-380C-B3A9-35FB8CEFF3E5}.Debug|x64.ActiveCfg = Debug|x64
		{FAD1A281-9DCF-380C-B3A9-35FB8CEFF3E5}.Debug|x64.Build.0 = Debug|x64
		{FAD1A281-9DCF-380C-B3A9-35FB8CEFF3E5}.Release|x64.ActiveCfg = Release|x64
		{FAD1A281-9DCF-380C-B3A9-35FB8CEFF3E5}.Release|x64.Build.0 = Release|x64
		{FAD1A281-9DCF-380C-B3A9-35FB8CEFF3E5}.MinSizeRel|x64.ActiveCfg = MinSizeRel|x64
		{FAD1A281-9DCF-380C-B3A9-35FB8CEFF3E5}.MinSizeRel|x64.Build.0 = MinSizeRel|x64
		{FAD1A281-9DCF-380C-B3A9-35FB8CEFF3E5}.RelWithDebInfo|x64.ActiveCfg = RelWithDebInfo|x64
		{FAD1A281-9DCF-380C-B3A9-35FB8CEFF3E5}.RelWithDebInfo|x64.Build.0 = RelWithDebInfo|x64
		{0CDB1C09-BCCB-3F32-BFF2-11AAA7A56F6A}.Debug|x64.ActiveCfg = Debug|x64
		{0CDB1C09-BCCB-3F32-BFF2-11AAA7A56F6A}.Debug|x64.Build.0 = Debug|x64
		{0CDB1C09-BCCB-3F32-BFF2-11AAA7A56F6A}.Release|x64.ActiveCfg = Release|x64
		{0CDB1C09-BCCB-3F32-BFF2-11AAA7A56F6A}.Release|x64.Build.0 = Release|x64
		{0CDB1C09-BCCB-3F32-BFF2-11AAA7A56F6A}.MinSizeRel|x64.ActiveCfg = MinSizeRel|x64
		{0CDB1C09-BCCB-3F32-BFF2-11AAA7A56F6A}.MinSizeRel|x64.Build.0 = MinSizeRel|x64
		{0CDB1C09-BCCB-3F32-BFF2-11AAA7A56F6A}.RelWithDebInfo|x64.ActiveCfg = RelWithDebInfo|x64
		{0CDB1C09-BCCB-3F32-BFF2-11AAA7A56F6A}.RelWithDebInfo|x64.Build.0 = RelWithDebInfo|x64
		{310E52E9-2ACC-3353-B33A-46DA04040419}.Debug|x64.ActiveCfg = Debug|x64
		{310E52E9-2ACC-3353-B33A-46DA04040419}.Debug|x64.Build.0 = Debug|x64
		{310E52E9-2ACC-3353-B33A-46DA04040419}.Release|x64.ActiveCfg = Release|x64
		{310E52E9-2ACC-3353-B33A-46DA04040419}.Release|x64.Build.0 = Release|x64
		{310E52E9-2ACC-3353-B33A-46DA04040419}.MinSizeRel|x64.ActiveCfg = MinSizeRel|x64
		{310E52E9-2ACC-3353-B33A-46DA04040419}.MinSizeRel|x64.Build.0 = MinSizeRel|x64
		{310E52E9-2ACC-3353-B33A-46DA04040419}.RelWithDebInfo|x64.ActiveCfg = RelWithDebInfo|x64
		{310E52E9-2ACC-3353-B33A-46DA04040419}.RelWithDebInfo|x64.Build.0 = RelWithDebInfo|x64
		{2148C4E1-24F8-33E5-AD10-0CAEBAAFF113}.Debug|x64.ActiveCfg = Debug|x64
		{2148C4E1-24F8-33E5-AD10-0CAEBAAFF113}.Debug|x64.Build.0 = Debug|x64
		{2148C4E1-24F8-33E5-AD10-0CAEBAAFF113}.Release|x64.ActiveCfg = Release|x64
		{2148C4E1-24F8-33E5-AD10-0CAEBAAFF113}.Release|x64.Build.0 = Release|x64
		{2148C4E1-24F8-33E5-AD10-0CAEBAAFF113}.MinSizeRel|x64.ActiveCfg = MinSizeRel|x64
		{2148C4E1-24F8-33E5-AD10-0CAEBAAFF113}.MinSizeRel|x64.Build.0 = MinSizeRel|x64
		{2148C4E1-24F8-33E5-AD10-0CAEBAAFF113}.RelWithDebInfo|x64.ActiveCfg = RelWithDebInfo|x64
		{2148C4E1-24F8-33E5-AD10-0CAEBAAFF113}.RelWithDebInfo|x64.Build.0 = RelWithDebInfo|x64
		{1B5657D2-3772-3415-B5AA-19EC86D93C1E}.Debug|x64.ActiveCfg = Debug|x64
		{1B5657D2-3772-3415-B5AA-19EC86D93C1E}.Debug|x64.Build.0 = Debug|x64
		{1B5657D2-3772-3415-B5AA-19EC86D93C1E}.Release|x64.ActiveCfg = Release|x64
		{1B5657D2-3772-3415-B5AA-19EC86D93C1E}.Release|x64.Build.0 = Release|x64
		{1B5657D2-3772-3415-B5AA-19EC86D93C1E}.MinSizeRel|x64.ActiveCfg = MinSizeRel|x64
		{1B5657D2-3772-3415-B5AA-19EC86D93C1E}.MinSizeRel|x64.Build.0 = MinSizeRel|x64
		{1B5657D2-3772-3415-B5AA-19EC86D93C1E}.RelWithDebInfo|x64.ActiveCfg = RelWithDebInfo|x64
		{1B5657D2-3772-3415-B5AA-19EC86D93C1E}.RelWithDebInfo|x64.Build.0 = RelWithDebInfo|x64
		{E3B4B2F2-91C3-3A2A-817F-BE14BE9670C6}.Debug|x64.ActiveCfg = Debug|x64
		{E3B4B2F2-91C3-3A2A-817F-BE14BE9670C6}.Debug|x64.Build.0 = Debug|x64
		{E3B4B2F2-91C3-3A2A-817F-BE14BE9670C6}.Release|x64.ActiveCfg = Release|x64
		{E3B4B2F2-91C3-3A2A-817F-BE14BE9670C6}.Release|x64.Build.0 = Release|x64
		{E3B4B2F2-91C3-3A2A-817F-BE14BE9670C6}.MinSizeRel|x64.ActiveCfg = MinSizeRel|x64
		{E3B4B2F2-91C3-3A2A-817F-BE14BE9670C6}.MinSizeRel|x64.Build.0 = MinSizeRel|x64
		{E3B4B2F2-91C3-3A2A-817F-BE14BE9670C6}.RelWithDebInfo|x64.ActiveCfg = RelWithDebInfo|x64
		{E3B4B2F2-91C3-3A2A-817F-BE14BE9670C6}.RelWithDebInfo|x64.Build.0 = RelWithDebInfo|x64
		{91872ADD-AF08-38FD-BB7B-4B9FBC831C95}.Debug|x64.ActiveCfg = Debug|x64
		{91872ADD-AF08-38FD-BB7B-4B9FBC831C95}.Debug|x64.Build.0 = Debug|x64
		{91872ADD-AF08-38FD-BB7B-4B9FBC831C95}.Release|x64.ActiveCfg = Release|x64
		{91872ADD-AF08-38FD-BB7B-4B9FBC831C95}.Release|x64.Build.0 = Release|x64
		{91872ADD-AF08-38FD-BB7B-4B9FBC831C95}.MinSizeRel|x64.ActiveCfg = MinSizeRel|x64
		{91872ADD-AF08-38FD-BB7B-4B9FBC831C95}.MinSizeRel|x64.Build.0 = MinSizeRel|x64
		{91872ADD-AF08-38FD-BB7B-4B9FBC831C95}.RelWithDebInfo|x64.ActiveCfg = RelWithDebInfo|x64
		{91872ADD-AF08-38FD-BB7B-4B9FBC831C95}.RelWithDebInfo|x64.Build.0 = RelWithDebInfo|x64
		{5832B828-6110-3F3A-865C-06D0AFD9D85F}.Debug|x64.ActiveCfg = Debug|x64
		{5832B828-6110-3F3A-865C-06D0AFD9D85F}.Debug|x64.Build.0 = Debug|x64
		{5832B828-6110-3F3A-865C-06D0AFD9D85F}.Release|x64.ActiveCfg = Release|x64
		{5832B828-6110-3F3A-865C-06D0AFD9D85F}.Release|x64.Build.0 = Release|x64
		{5832B828-6110-3F3A-865C-06D0AFD9D85F}.MinSizeRel|x64.ActiveCfg = MinSizeRel|x64
		{5832B828-6110-3F3A-865C-06D0AFD9D85F}.MinSizeRel|x64.Build.0 = MinSizeRel|x64
		{5832B828-6110-3F3A-865C-06D0AFD9D85F}.RelWithDebInfo|x64.ActiveCfg = RelWithDebInfo|x64
		{5832B828-6110-3F3A-865C-06D0AFD9D85F}.RelWithDebInfo|x64.Build.0 = RelWithDebInfo|x64
		{DB5BDF24-132B-3012-9E0B-F3698019ECBC}.Debug|x64.ActiveCfg = Debug|x64
		{DB5BDF24-132B-3012-9E0B-F3698019ECBC}.Debug|x64.Build.0 = Debug|x64
		{DB5BDF24-132B-3012-9E0B-F3698019ECBC}.Release|x64.ActiveCfg = Release|x64
		{DB5BDF24-132B-3012-9E0B-F3698019ECBC}.Release|x64.Build.0 = Release|x64
		{DB5BDF24-132B-3012-9E0B-F3698019ECBC}.MinSizeRel|x64.ActiveCfg = MinSizeRel|x64
		{DB5BDF24-132B-3012-9E0B-F3698019ECBC}.MinSizeRel|x64.Build.0 = MinSizeRel|x64
		{DB5BDF24-132B-3012-9E0B-F3698019ECBC}.RelWithDebInfo|x64.ActiveCfg = RelWithDebInfo|x64
		{DB5BDF24-132B-3012-9E0B-F3698019ECBC}.RelWithDebInfo|x64.Build.0 = RelWithDebInfo|x64
		{A904C68A-AD40-38B6-9B55-B945152928B8}.Debug|x64.ActiveCfg = Debug|x64
		{A904C68A-AD40-38B6-9B55-B945152928B8}.Debug|x64.Build.0 = Debug|x64
		{A904C68A-AD40-38B6-9B55-B945152928B8}.Release|x64.ActiveCfg = Release|x64
		{A904C68A-AD40-38B6-9B55-B945152928B8}.Release|x64.Build.0 = Release|x64
		{A904C68A-AD40-38B6-9B55-B945152928B8}.MinSizeRel|x64.ActiveCfg = MinSizeRel|x64
		{A904C68A-AD40-38B6-9B55-B945152928B8}.MinSizeRel|x64.Build.0 = MinSizeRel|x64
		{A904C68A-AD40-38B6-9B55-B945152928B8}.RelWithDebInfo|x64.ActiveCfg = RelWithDebInfo|x64
		{A904C68A-AD40-38B6-9B55-B945152928B8}.RelWithDebInfo|x64.Build.0 = RelWithDebInfo|x64
		{49E9D258-3FC8-3DCB-B39D-A83796E49942}.Debug|x64.ActiveCfg = Debug|x64
		{49E9D258-3FC8-3DCB-B39D-A83796E49942}.Debug|x64.Build.0 = Debug|x64
		{49E9D258-3FC8-3DCB-B39D-A83796E49942}.Release|x64.ActiveCfg = Release|x64
		{49E9D258-3FC8-3DCB-B39D-A83796E49942}.Release|x64.Build.0 = Release|x64
		{49E9D258-3FC8-3DCB-B39D-A83796E49942}.MinSizeRel|x64.ActiveCfg = MinSizeRel|x64
		{49E9D258-3FC8-3DCB-B39D-A83796E49942}.MinSizeRel|x64.Build.0 = MinSizeRel|x64
		{49E9D258-3FC8-3DCB-B39D-A83796E49942}.RelWithDebInfo|x64.ActiveCfg = RelWithDebInfo|x64
		{49E9D258-3FC8-3DCB-B39D-A83796E49942}.RelWithDebInfo|x64.Build.0 = RelWithDebInfo|x64
	EndGlobalSection
	GlobalSection(ExtensibilityGlobals) = postSolution
		SolutionGuid = {B553018B-33FA-3807-9FFB-6A8A6AE09802}
	EndGlobalSection
	GlobalSection(ExtensibilityAddIns) = postSolution
	EndGlobalSection
EndGlobal
